
Microsoft Visual Studio Solution File, Format Version 12.00
# Visual Studio 15
VisualStudioVersion = 15.0.27428.2011
MinimumVisualStudioVersion = 10.0.40219.1
Project("{F184B08F-C81C-45F6-A57F-5ABD9991F28F}") = "Adsorption_Desorption_Model", "Adsorption_Desorption_Model\Adsorption_Desorption_Model.vbproj", "{97027AAB-A155-49A5-B950-67DA0FF28150}"
EndProject
Global
	GlobalSection(SolutionConfigurationPlatforms) = preSolution
		Debug|Any CPU = Debug|Any CPU
		Release|Any CPU = Release|Any CPU
	EndGlobalSection
	GlobalSection(ProjectConfigurationPlatforms) = postSolution
		{97027AAB-A155-49A5-B950-67DA0FF28150}.Debug|Any CPU.ActiveCfg = Debug|Any CPU
		{97027AAB-A155-49A5-B950-67DA0FF28150}.Debug|Any CPU.Build.0 = Debug|Any CPU
		{97027AAB-A155-49A5-B950-67DA0FF28150}.Release|Any CPU.ActiveCfg = Release|Any CPU
		{97027AAB-A155-49A5-B950-67DA0FF28150}.Release|Any CPU.Build.0 = Release|Any CPU
	EndGlobalSection
	GlobalSection(SolutionProperties) = preSolution
		HideSolutionNode = FALSE
	EndGlobalSection
	GlobalSection(ExtensibilityGlobals) = postSolution
		SolutionGuid = {E7F2CB60-43F9-484E-8213-4DD6CAAF3810}
	EndGlobalSection
EndGlobal
